
Microsoft Visual Studio Solution File, Format Version 12.00
# Visual Studio Version 17
VisualStudioVersion = 17.14.36429.23
MinimumVisualStudioVersion = 10.0.40219.1
Project("{FAE04EC0-301F-11D3-BF4B-00C04F79EFBC}") = "PruebaTecnica", "PruebaTecnica\PruebaTecnica.csproj", "{4C2B963B-1E60-4816-902C-8202ED972DDA}"
EndProject
Project("{FAE04EC0-301F-11D3-BF4B-00C04F79EFBC}") = "PruebaTecnica.Tests", "PruebaTecnica.Tests\PruebaTecnica.Tests.csproj", "{1EA41689-6E26-4351-9186-E669CCBADAF6}"
EndProject
Global
	GlobalSection(SolutionConfigurationPlatforms) = preSolution
		Debug|Any CPU = Debug|Any CPU
		Debug|x64 = Debug|x64
		Debug|x86 = Debug|x86
		Release|Any CPU = Release|Any CPU
		Release|x64 = Release|x64
		Release|x86 = Release|x86
	EndGlobalSection
	GlobalSection(ProjectConfigurationPlatforms) = postSolution
		{4C2B963B-1E60-4816-902C-8202ED972DDA}.Debug|Any CPU.ActiveCfg = Debug|Any CPU
		{4C2B963B-1E60-4816-902C-8202ED972DDA}.Debug|Any CPU.Build.0 = Debug|Any CPU
		{4C2B963B-1E60-4816-902C-8202ED972DDA}.Debug|x64.ActiveCfg = Debug|Any CPU
		{4C2B963B-1E60-4816-902C-8202ED972DDA}.Debug|x64.Build.0 = Debug|Any CPU
		{4C2B963B-1E60-4816-902C-8202ED972DDA}.Debug|x86.ActiveCfg = Debug|Any CPU
		{4C2B963B-1E60-4816-902C-8202ED972DDA}.Debug|x86.Build.0 = Debug|Any CPU
		{4C2B963B-1E60-4816-902C-8202ED972DDA}.Release|Any CPU.ActiveCfg = Release|Any CPU
		{4C2B963B-1E60-4816-902C-8202ED972DDA}.Release|Any CPU.Build.0 = Release|Any CPU
		{4C2B963B-1E60-4816-902C-8202ED972DDA}.Release|x64.ActiveCfg = Release|Any CPU
		{4C2B963B-1E60-4816-902C-8202ED972DDA}.Release|x64.Build.0 = Release|Any CPU
		{4C2B963B-1E60-4816-902C-8202ED972DDA}.Release|x86.ActiveCfg = Release|Any CPU
		{4C2B963B-1E60-4816-902C-8202ED972DDA}.Release|x86.Build.0 = Release|Any CPU
		{1EA41689-6E26-4351-9186-E669CCBADAF6}.Debug|Any CPU.ActiveCfg = Debug|Any CPU
		{1EA41689-6E26-4351-9186-E669CCBADAF6}.Debug|Any CPU.Build.0 = Debug|Any CPU
		{1EA41689-6E26-4351-9186-E669CCBADAF6}.Debug|x64.ActiveCfg = Debug|Any CPU
		{1EA41689-6E26-4351-9186-E669CCBADAF6}.Debug|x64.Build.0 = Debug|Any CPU
		{1EA41689-6E26-4351-9186-E669CCBADAF6}.Debug|x86.ActiveCfg = Debug|Any CPU
		{1EA41689-6E26-4351-9186-E669CCBADAF6}.Debug|x86.Build.0 = Debug|Any CPU
		{1EA41689-6E26-4351-9186-E669CCBADAF6}.Release|Any CPU.ActiveCfg = Release|Any CPU
		{1EA41689-6E26-4351-9186-E669CCBADAF6}.Release|Any CPU.Build.0 = Release|Any CPU
		{1EA41689-6E26-4351-9186-E669CCBADAF6}.Release|x64.ActiveCfg = Release|Any CPU
		{1EA41689-6E26-4351-9186-E669CCBADAF6}.Release|x64.Build.0 = Release|Any CPU
		{1EA41689-6E26-4351-9186-E669CCBADAF6}.Release|x86.ActiveCfg = Release|Any CPU
		{1EA41689-6E26-4351-9186-E669CCBADAF6}.Release|x86.Build.0 = Release|Any CPU
	EndGlobalSection
	GlobalSection(SolutionProperties) = preSolution
		HideSolutionNode = FALSE
	EndGlobalSection
	GlobalSection(ExtensibilityGlobals) = postSolution
		SolutionGuid = {F7FF599F-9ABE-4984-AEC3-9907ED116231}
	EndGlobalSection
EndGlobal
